PODS:
  - Alamofire (5.5.0)
  - SwiftKeychainWrapper (4.0.1)

DEPENDENCIES:
  - Alamofire (= 5.5)
  - SwiftKeychainWrapper (~> 4.0)

SPEC REPOS:
  trunk:
    - Alamofire
    - SwiftKeychainWrapper

SPEC CHECKSUMS:
  Alamofire: 1c4fb5369c3fe93d2857c780d8bbe09f06f97e7c
  SwiftKeychainWrapper: 807ba1d63c33a7d0613288512399cd1eda1e470c

PODFILE CHECKSUM: bd012b0c80562d371c34fc4c867a2f395a5aea30

COCOAPODS: 1.11.2
